
Microsoft Visual Studio Solution File, Format Version 12.00
# Visual Studio Version 17
VisualStudioVersion = 17.0.31903.59
MinimumVisualStudioVersion = 10.0.40219.1
Project("{FAE04EC0-301F-11D3-BF4B-00C04F79EFBC}") = "JustAuthentication.Web", "JustAuthentication.Web\JustAuthentication.Web.csproj", "{FF446D41-EAC8-43E3-8FD9-BB3E0F2E2C06}"
EndProject
Project("{FAE04EC0-301F-11D3-BF4B-00C04F79EFBC}") = "JustAuthentication.Data", "JustAuthentication.Data\JustAuthentication.Data.csproj", "{E48FD0DF-77CA-40B4-A4FA-BA1C8C5B1858}"
EndProject
Global
	GlobalSection(SolutionConfigurationPlatforms) = preSolution
		Debug|Any CPU = Debug|Any CPU
		Release|Any CPU = Release|Any CPU
	EndGlobalSection
	GlobalSection(SolutionProperties) = preSolution
		HideSolutionNode = FALSE
	EndGlobalSection
	GlobalSection(ProjectConfigurationPlatforms) = postSolution
		{FF446D41-EAC8-43E3-8FD9-BB3E0F2E2C06}.Debug|Any CPU.ActiveCfg = Debug|Any CPU
		{FF446D41-EAC8-43E3-8FD9-BB3E0F2E2C06}.Debug|Any CPU.Build.0 = Debug|Any CPU
		{FF446D41-EAC8-43E3-8FD9-BB3E0F2E2C06}.Release|Any CPU.ActiveCfg = Release|Any CPU
		{FF446D41-EAC8-43E3-8FD9-BB3E0F2E2C06}.Release|Any CPU.Build.0 = Release|Any CPU
		{E48FD0DF-77CA-40B4-A4FA-BA1C8C5B1858}.Debug|Any CPU.ActiveCfg = Debug|Any CPU
		{E48FD0DF-77CA-40B4-A4FA-BA1C8C5B1858}.Debug|Any CPU.Build.0 = Debug|Any CPU
		{E48FD0DF-77CA-40B4-A4FA-BA1C8C5B1858}.Release|Any CPU.ActiveCfg = Release|Any CPU
		{E48FD0DF-77CA-40B4-A4FA-BA1C8C5B1858}.Release|Any CPU.Build.0 = Release|Any CPU
	EndGlobalSection
EndGlobal
